
Microsoft Visual Studio Solution File, Format Version 12.00
# Visual Studio Version 17
VisualStudioVersion = 17.8.34330.188
MinimumVisualStudioVersion = 10.0.40219.1
Project("{FAE04EC0-301F-11D3-BF4B-00C04F79EFBC}") = "ModuleSystem.ChecksumGenerator", "src\ModuleSystem.ChecksumGenerator.csproj", "{E0C76FC2-6D95-4295-8115-5067D6ECF733}"
EndProject
Global
	GlobalSection(SolutionConfigurationPlatforms) = preSolution
		Debug|Any CPU = Debug|Any CPU
		Release|Any CPU = Release|Any CPU
	EndGlobalSection
	GlobalSection(ProjectConfigurationPlatforms) = postSolution
		{E0C76FC2-6D95-4295-8115-5067D6ECF733}.Debug|Any CPU.ActiveCfg = Debug|Any CPU
		{E0C76FC2-6D95-4295-8115-5067D6ECF733}.Debug|Any CPU.Build.0 = Debug|Any CPU
		{E0C76FC2-6D95-4295-8115-5067D6ECF733}.Release|Any CPU.ActiveCfg = Release|Any CPU
		{E0C76FC2-6D95-4295-8115-5067D6ECF733}.Release|Any CPU.Build.0 = Release|Any CPU
	EndGlobalSection
	GlobalSection(SolutionProperties) = preSolution
		HideSolutionNode = FALSE
	EndGlobalSection
	GlobalSection(ExtensibilityGlobals) = postSolution
		SolutionGuid = {D2F261F2-807B-4E19-9ECF-C24023BD4D73}
	EndGlobalSection
EndGlobal
